
Microsoft Visual Studio Solution File, Format Version 12.00
# Visual Studio Version 16
VisualStudioVersion = 16.0.31729.503
MinimumVisualStudioVersion = 10.0.40219.1
Project("{FAE04EC0-301F-11D3-BF4B-00C04F79EFBC}") = "ValueExtensions", "ValueExtensions\ValueExtensions.csproj", "{605B44D7-9469-466E-A10E-2E3D80DAE358}"
EndProject
Global
	GlobalSection(SolutionConfigurationPlatforms) = preSolution
		Debug|Any CPU = Debug|Any CPU
		Release|Any CPU = Release|Any CPU
	EndGlobalSection
	GlobalSection(ProjectConfigurationPlatforms) = postSolution
		{605B44D7-9469-466E-A10E-2E3D80DAE358}.Debug|Any CPU.ActiveCfg = Debug|Any CPU
		{605B44D7-9469-466E-A10E-2E3D80DAE358}.Debug|Any CPU.Build.0 = Debug|Any CPU
		{605B44D7-9469-466E-A10E-2E3D80DAE358}.Release|Any CPU.ActiveCfg = Release|Any CPU
		{605B44D7-9469-466E-A10E-2E3D80DAE358}.Release|Any CPU.Build.0 = Release|Any CPU
	EndGlobalSection
	GlobalSection(SolutionProperties) = preSolution
		HideSolutionNode = FALSE
	EndGlobalSection
	GlobalSection(ExtensibilityGlobals) = postSolution
		SolutionGuid = {455765E9-B4B1-49A5-A93A-22FEA806C8FA}
	EndGlobalSection
EndGlobal
